Microsoft Visual Studio Solution File, Format Version 12.00
# Visual Studio Version 17
VisualStudioVersion = 17.5.2.0
MinimumVisualStudioVersion = 10.0.40219.1
Project("{FAE04EC0-301F-11D3-BF4B-00C04F79EFBC}") = "BlackjackServer", "BlackjackServer.csproj", "{2E07C6A4-0FCA-3084-6A7C-DF59E85890CB}"
EndProject
Global
	GlobalSection(SolutionConfigurationPlatforms) = preSolution
		Debug|Any CPU = Debug|Any CPU
		Release|Any CPU = Release|Any CPU
	EndGlobalSection
	GlobalSection(ProjectConfigurationPlatforms) = postSolution
		{2E07C6A4-0FCA-3084-6A7C-DF59E85890CB}.Debug|Any CPU.ActiveCfg = Debug|Any CPU
		{2E07C6A4-0FCA-3084-6A7C-DF59E85890CB}.Debug|Any CPU.Build.0 = Debug|Any CPU
		{2E07C6A4-0FCA-3084-6A7C-DF59E85890CB}.Release|Any CPU.ActiveCfg = Release|Any CPU
		{2E07C6A4-0FCA-3084-6A7C-DF59E85890CB}.Release|Any CPU.Build.0 = Release|Any CPU
	EndGlobalSection
	GlobalSection(SolutionProperties) = preSolution
		HideSolutionNode = FALSE
	EndGlobalSection
	GlobalSection(ExtensibilityGlobals) = postSolution
		SolutionGuid = {BFEA1E75-11F5-4CD5-A32A-E5B3A943E3D0}
	EndGlobalSection
EndGlobal
